
Microsoft Visual Studio Solution File, Format Version 12.00
# Visual Studio 2012
Project("{8BC9CEB8-8B4A-11D0-8D11-00A0C91BC942}") = "ReverseBits", "ReverseBits\ReverseBits.vcxproj", "{7D094A50-68D1-452A-9391-02A7D537B09D}"
EndProject
Project("{8BC9CEB8-8B4A-11D0-8D11-00A0C91BC942}") = "sequenceOfBits", "sequenceOfBits\sequenceOfBits.vcxproj", "{D128B9C4-5B17-403A-96C0-1AEF57C20B82}"
EndProject
Project("{8BC9CEB8-8B4A-11D0-8D11-00A0C91BC942}") = "Queue", "Queue\Queue.vcxproj", "{A863266B-281C-4C02-B85D-E6D75E02AD0E}"
EndProject
Project("{8BC9CEB8-8B4A-11D0-8D11-00A0C91BC942}") = "FindGround", "FindGround\FindGround.vcxproj", "{B390D6BC-814C-40F2-94E6-08EF3781C1D2}"
EndProject
Global
	GlobalSection(SolutionConfigurationPlatforms) = preSolution
		Debug|Win32 = Debug|Win32
		Release|Win32 = Release|Win32
	EndGlobalSection
	GlobalSection(ProjectConfigurationPlatforms) = postSolution
		{7D094A50-68D1-452A-9391-02A7D537B09D}.Debug|Win32.ActiveCfg = Debug|Win32
		{7D094A50-68D1-452A-9391-02A7D537B09D}.Debug|Win32.Build.0 = Debug|Win32
		{7D094A50-68D1-452A-9391-02A7D537B09D}.Release|Win32.ActiveCfg = Release|Win32
		{7D094A50-68D1-452A-9391-02A7D537B09D}.Release|Win32.Build.0 = Release|Win32
		{D128B9C4-5B17-403A-96C0-1AEF57C20B82}.Debug|Win32.ActiveCfg = Debug|Win32
		{D128B9C4-5B17-403A-96C0-1AEF57C20B82}.Debug|Win32.Build.0 = Debug|Win32
		{D128B9C4-5B17-403A-96C0-1AEF57C20B82}.Release|Win32.ActiveCfg = Release|Win32
		{D128B9C4-5B17-403A-96C0-1AEF57C20B82}.Release|Win32.Build.0 = Release|Win32
		{A863266B-281C-4C02-B85D-E6D75E02AD0E}.Debug|Win32.ActiveCfg = Debug|Win32
		{A863266B-281C-4C02-B85D-E6D75E02AD0E}.Debug|Win32.Build.0 = Debug|Win32
		{A863266B-281C-4C02-B85D-E6D75E02AD0E}.Release|Win32.ActiveCfg = Release|Win32
		{A863266B-281C-4C02-B85D-E6D75E02AD0E}.Release|Win32.Build.0 = Release|Win32
		{B390D6BC-814C-40F2-94E6-08EF3781C1D2}.Debug|Win32.ActiveCfg = Debug|Win32
		{B390D6BC-814C-40F2-94E6-08EF3781C1D2}.Debug|Win32.Build.0 = Debug|Win32
		{B390D6BC-814C-40F2-94E6-08EF3781C1D2}.Release|Win32.ActiveCfg = Release|Win32
		{B390D6BC-814C-40F2-94E6-08EF3781C1D2}.Release|Win32.Build.0 = Release|Win32
	EndGlobalSection
	GlobalSection(SolutionProperties) = preSolution
		HideSolutionNode = FALSE
	EndGlobalSection
EndGlobal
