<?xml version="1.0" encoding="utf-8"?>
<Project ToolsVersion="16.0" xmlns="http://schemas.microsoft.com/developer/msbuild/2003">
  <ItemGroup>
    <ClCompile Include="D:\workspaces\yStuff\LearnAndDevelop\MultiThreading\LatchUsage.cpp">
      <Filter>Source Files</Filter>
    </ClCompile>
    <ClCompile Include="D:\workspaces\yStuff\LearnAndDevelop\MultiThreading\MultiThreading.cpp">
      <Filter>Source Files</Filter>
    </ClCompile>
    <ClCompile Include="D:\workspaces\yStuff\LearnAndDevelop\MultiThreading\MutexUsage.cpp">
      <Filter>Source Files</Filter>
    </ClCompile>
    <ClCompile Include="BarrierUsage.cpp" />
  </ItemGroup>
  <ItemGroup>
    <CustomBuild Include="D:\workspaces\yStuff\LearnAndDevelop\MultiThreading\CMakeLists.txt" />
  </ItemGroup>
  <ItemGroup>
    <Filter Include="Source Files">
      <UniqueIdentifier>{833E9D7C-6D6B-39B6-966F-D547BDA56EB5}</UniqueIdentifier>
    </Filter>
  </ItemGroup>
  <ItemGroup>
    <ClInclude Include="BarrierUsage.h" />
  </ItemGroup>
</Project>